Microsoft Visual Studio Solution File, Format Version 11.00
# Visual Studio 2008

Project("{896C1A42-810D-874D-700E-E8A631608337}") = "Kalyrim", "Assembly-CSharp.csproj", "{F148A1E1-A6EC-C7EB-FD9B-F434BAAEA138}"
EndProject
Global
	GlobalSection(SolutionConfigurationPlatforms) = preSolution
		Debug|Any CPU = Debug|Any CPU
		Release|Any CPU = Release|Any CPU
	EndGlobalSection
	GlobalSection(ProjectConfigurationPlatforms) = postSolution
		{F148A1E1-A6EC-C7EB-FD9B-F434BAAEA138}.Debug|Any CPU.ActiveCfg = Debug|Any CPU
		{F148A1E1-A6EC-C7EB-FD9B-F434BAAEA138}.Debug|Any CPU.Build.0 = Debug|Any CPU
		{F148A1E1-A6EC-C7EB-FD9B-F434BAAEA138}.Release|Any CPU.ActiveCfg = Release|Any CPU
		{F148A1E1-A6EC-C7EB-FD9B-F434BAAEA138}.Release|Any CPU.Build.0 = Release|Any CPU
	EndGlobalSection
	GlobalSection(SolutionProperties) = preSolution
		HideSolutionNode = FALSE
	EndGlobalSection
	GlobalSection(MonoDevelopProperties) = preSolution
		StartupItem = Assembly-CSharp.csproj
	EndGlobalSection
EndGlobal
